
Microsoft Visual Studio Solution File, Format Version 12.00
# Visual Studio Version 16
VisualStudioVersion = 16.0.29519.87
MinimumVisualStudioVersion = 10.0.40219.1
Project("{FAE04EC0-301F-11D3-BF4B-00C04F79EFBC}") = "Confusion_Matrix", "Confusion_Matrix\Confusion_Matrix.csproj", "{791CAC93-195C-4F60-92D2-BCF0EFEC2B1C}"
EndProject
Project("{FAE04EC0-301F-11D3-BF4B-00C04F79EFBC}") = "Confusion_Matrix_Library", "Confusion_Matrix_Library\Confusion_Matrix_Library.csproj", "{CC2B4475-00FB-4B55-A98A-D7AFAFDC3A52}"
EndProject
Global
	GlobalSection(SolutionConfigurationPlatforms) = preSolution
		Debug|Any CPU = Debug|Any CPU
		Release|Any CPU = Release|Any CPU
	EndGlobalSection
	GlobalSection(ProjectConfigurationPlatforms) = postSolution
		{791CAC93-195C-4F60-92D2-BCF0EFEC2B1C}.Debug|Any CPU.ActiveCfg = Debug|Any CPU
		{791CAC93-195C-4F60-92D2-BCF0EFEC2B1C}.Debug|Any CPU.Build.0 = Debug|Any CPU
		{791CAC93-195C-4F60-92D2-BCF0EFEC2B1C}.Release|Any CPU.ActiveCfg = Release|Any CPU
		{791CAC93-195C-4F60-92D2-BCF0EFEC2B1C}.Release|Any CPU.Build.0 = Release|Any CPU
		{CC2B4475-00FB-4B55-A98A-D7AFAFDC3A52}.Debug|Any CPU.ActiveCfg = Debug|Any CPU
		{CC2B4475-00FB-4B55-A98A-D7AFAFDC3A52}.Debug|Any CPU.Build.0 = Debug|Any CPU
		{CC2B4475-00FB-4B55-A98A-D7AFAFDC3A52}.Release|Any CPU.ActiveCfg = Release|Any CPU
		{CC2B4475-00FB-4B55-A98A-D7AFAFDC3A52}.Release|Any CPU.Build.0 = Release|Any CPU
	EndGlobalSection
	GlobalSection(SolutionProperties) = preSolution
		HideSolutionNode = FALSE
	EndGlobalSection
	GlobalSection(ExtensibilityGlobals) = postSolution
		SolutionGuid = {C2111B0D-BA4A-4964-B639-69B0F3F2E763}
	EndGlobalSection
EndGlobal
